{
  "name": "anthonyec.github.io",
  "version": "1.0.0",
  "lockfileVersion": 2,
  "requires": true,
  "packages": {
    "": {
      "name": "anthonyec.github.io",
      "version": "1.0.0",
      "dependencies": {
        "@anthonyec/staticbuild": "^3.0.1"
      }
    },
    "node_modules/@anthonyec/staticbuild": {
      "version": "3.0.1",
      "resolved": "https://npm.pkg.github.com/download/@anthonyec/staticbuild/3.0.1/c830695e49811b78afc6c22212e2ec0d24f5f126",
      "integrity": "sha512-xVgmgbEp02CllMjvm9EKvykKrOlYKhHpk7zQA9N79HBZQkNaG1CfljHq91rNCxJB5+FBlARUfmJX6iMtEI9kFw==",
      "license": "ISC",
      "dependencies": {
        "markdown-wasm": "^1.2.0",
        "mustache": "^4.2.0"
      },
      "bin": {
        "staticbuild": "dist/cli.js"
      },
      "engines": {
        "node": ">=24.0.0"
      }
    },
    "node_modules/markdown-wasm": {
      "version": "1.2.0",
      "resolved": "https://registry.npmjs.org/markdown-wasm/-/markdown-wasm-1.2.0.tgz",
      "integrity": "sha512-S12OTkyXCkOgI1n1rZY9cg4bK/PGu80Emjpvwp8BEjwCxhPV3yddF0U6+QhCitdBsI1tzWcoeahmW7k0Pq81OA==",
      "license": "MIT"
    },
    "node_modules/mustache": {
      "version": "4.2.0",
      "resolved": "https://registry.npmjs.org/mustache/-/mustache-4.2.0.tgz",
      "integrity": "sha512-71ippSywq5Yb7/tVYyGbkBggbU8H3u5Rz56fH60jGFgr8uHwxs+aSKeqmluIVzM0m0kB7xQjKS6qPfd0b2ZoqQ==",
      "license": "MIT",
      "bin": {
        "mustache": "bin/mustache"
      }
    }
  },
  "dependencies": {
    "@anthonyec/staticbuild": {
      "version": "3.0.1",
      "resolved": "https://npm.pkg.github.com/download/@anthonyec/staticbuild/3.0.1/c830695e49811b78afc6c22212e2ec0d24f5f126",
      "integrity": "sha512-xVgmgbEp02CllMjvm9EKvykKrOlYKhHpk7zQA9N79HBZQkNaG1CfljHq91rNCxJB5+FBlARUfmJX6iMtEI9kFw==",
      "requires": {
        "markdown-wasm": "^1.2.0",
        "mustache": "^4.2.0"
      }
    },
    "markdown-wasm": {
      "version": "1.2.0",
      "resolved": "https://registry.npmjs.org/markdown-wasm/-/markdown-wasm-1.2.0.tgz",
      "integrity": "sha512-S12OTkyXCkOgI1n1rZY9cg4bK/PGu80Emjpvwp8BEjwCxhPV3yddF0U6+QhCitdBsI1tzWcoeahmW7k0Pq81OA=="
    },
    "mustache": {
      "version": "4.2.0",
      "resolved": "https://registry.npmjs.org/mustache/-/mustache-4.2.0.tgz",
      "integrity": "sha512-71ippSywq5Yb7/tVYyGbkBggbU8H3u5Rz56fH60jGFgr8uHwxs+aSKeqmluIVzM0m0kB7xQjKS6qPfd0b2ZoqQ=="
    }
  }
}
